// !$*UTF8*$!
{
	archiveVersion = 1;
	classes = {
	};
	objectVersion = 50;
	objects = {

/* Begin PBXBuildFile section */
		1C793E4FCE27BBD270530C12 /* Pods_DrawBounceGameUITests.framework in Frameworks */ = {isa = PBXBuildFile; fileRef = DF8CD66893CC6B235850B5BE /* Pods_DrawBounceGameUITests.framework */; };
		3A6320F1F5CD852647839DD7 /* Pods_DrawBounceGameTests.framework in Frameworks */ = {isa = PBXBuildFile; fileRef = C4819D6E073CBE28736B6A83 /* Pods_DrawBounceGameTests.framework */; };
		4DF272DEA174137A5B0DB54D /* Pods_DrawBounceGame.framework in Frameworks */ = {isa = PBXBuildFile; fileRef = E57554C15A56DF73BD07E0DD /* Pods_DrawBounceGame.framework */; };
		9018BEE422894F2E00BE4F92 /* GoogleAppMeasurement.framework in Frameworks */ = {isa = PBXBuildFile; fileRef = 9018BEE022894F2D00BE4F92 /* GoogleAppMeasurement.framework */; };
		9018BEE522894F2E00BE4F92 /* GoogleAppMeasurement.framework in Frameworks */ = {isa = PBXBuildFile; fileRef = 9018BEE022894F2D00BE4F92 /* GoogleAppMeasurement.framework */; };
		9018BEE622894F2E00BE4F92 /* GoogleAppMeasurement.framework in Frameworks */ = {isa = PBXBuildFile; fileRef = 9018BEE022894F2D00BE4F92 /* GoogleAppMeasurement.framework */; };
		9018BEE722894F2E00BE4F92 /* nanopb.framework in Frameworks */ = {isa = PBXBuildFile; fileRef = 9018BEE122894F2D00BE4F92 /* nanopb.framework */; };
		9018BEE822894F2E00BE4F92 /* nanopb.framework in Frameworks */ = {isa = PBXBuildFile; fileRef = 9018BEE122894F2D00BE4F92 /* nanopb.framework */; };
		9018BEE922894F2E00BE4F92 /* nanopb.framework in Frameworks */ = {isa = PBXBuildFile; fileRef = 9018BEE122894F2D00BE4F92 /* nanopb.framework */; };
		9018BEEA22894F2E00BE4F92 /* GoogleUtilities.framework in Frameworks */ = {isa = PBXBuildFile; fileRef = 9018BEE222894F2E00BE4F92 /* GoogleUtilities.framework */; };
		9018BEEB22894F2E00BE4F92 /* GoogleUtilities.framework in Frameworks */ = {isa = PBXBuildFile; fileRef = 9018BEE222894F2E00BE4F92 /* GoogleUtilities.framework */; };
		9018BEEC22894F2E00BE4F92 /* GoogleUtilities.framework in Frameworks */ = {isa = PBXBuildFile; fileRef = 9018BEE222894F2E00BE4F92 /* GoogleUtilities.framework */; };
		9018BEED22894F2E00BE4F92 /* GoogleMobileAds.framework in Frameworks */ = {isa = PBXBuildFile; fileRef = 9018BEE322894F2E00BE4F92 /* GoogleMobileAds.framework */; };
		9018BEEE22894F2E00BE4F92 /* GoogleMobileAds.framework in Frameworks */ = {isa = PBXBuildFile; fileRef = 9018BEE322894F2E00BE4F92 /* GoogleMobileAds.framework */; };
		9018BEEF22894F2E00BE4F92 /* GoogleMobileAds.framework in Frameworks */ = {isa = PBXBuildFile; fileRef = 9018BEE322894F2E00BE4F92 /* GoogleMobileAds.framework */; };
		902B00A4228A4B6B0023ADF3 /* StoreKit.framework in Frameworks */ = {isa = PBXBuildFile; fileRef = 902B00A3228A4B6B0023ADF3 /* StoreKit.framework */; };
		902B00AC228A83F50023ADF3 /* IAPHandler.swift in Sources */ = {isa = PBXBuildFile; fileRef = 902B00AB228A83F50023ADF3 /* IAPHandler.swift */; };
		902B00B0228BE7800023ADF3 /* clickSound.mp3 in Resources */ = {isa = PBXBuildFile; fileRef = 902B00AF228BE7800023ADF3 /* clickSound.mp3 */; };
		903C4688227AD5C800DD20BD /* MainMenu.swift in Sources */ = {isa = PBXBuildFile; fileRef = 903C4687227AD5C800DD20BD /* MainMenu.swift */; };
		9057F7DA22838349001D1EAB /* StoreScene.swift in Sources */ = {isa = PBXBuildFile; fileRef = 9057F7D922838349001D1EAB /* StoreScene.swift */; };
		9057F7E42284064A001D1EAB /* Assets.xcassets in Resources */ = {isa = PBXBuildFile; fileRef = 9057F7E22284064A001D1EAB /* Assets.xcassets */; };
		9057F7F522854658001D1EAB /* MainMusic1.wav in Resources */ = {isa = PBXBuildFile; fileRef = 9057F7F122854657001D1EAB /* MainMusic1.wav */; };
		9057F7F622854658001D1EAB /* MainMusic2.wav in Resources */ = {isa = PBXBuildFile; fileRef = 9057F7F222854657001D1EAB /* MainMusic2.wav */; };
		9057F7F722854658001D1EAB /* MainMusic4.wav in Resources */ = {isa = PBXBuildFile; fileRef = 9057F7F322854657001D1EAB /* MainMusic4.wav */; };
		9057F7F822854658001D1EAB /* MainMusic3.wav in Resources */ = {isa = PBXBuildFile; fileRef = 9057F7F422854658001D1EAB /* MainMusic3.wav */; };
		9057F7FA22861500001D1EAB /* Boing.wav in Resources */ = {isa = PBXBuildFile; fileRef = 9057F7F9228614FF001D1EAB /* Boing.wav */; };
		9057F7FC228627FF001D1EAB /* SettingsMenu.swift in Sources */ = {isa = PBXBuildFile; fileRef = 9057F7FB228627FF001D1EAB /* SettingsMenu.swift */; };
		9057F7FE2286A4C2001D1EAB /* TutorialScene.swift in Sources */ = {isa = PBXBuildFile; fileRef = 9057F7FD2286A4C2001D1EAB /* TutorialScene.swift */; };
		9098BA092290BCE500B57AA5 /* BoingSound.wav in Resources */ = {isa = PBXBuildFile; fileRef = 9098BA082290BCE400B57AA5 /* BoingSound.wav */; };
		909B7AC821F93B50005E88DC /* AppDelegate.swift in Sources */ = {isa = PBXBuildFile; fileRef = 909B7AC721F93B50005E88DC /* AppDelegate.swift */; };
		909B7ACE21F93B50005E88DC /* GameScene.swift in Sources */ = {isa = PBXBuildFile; fileRef = 909B7ACD21F93B50005E88DC /* GameScene.swift */; };
		909B7AD021F93B50005E88DC /* GameViewController.swift in Sources */ = {isa = PBXBuildFile; fileRef = 909B7ACF21F93B50005E88DC /* GameViewController.swift */; };
		909B7AD321F93B50005E88DC /* Main.storyboard in Resources */ = {isa = PBXBuildFile; fileRef = 909B7AD121F93B50005E88DC /* Main.storyboard */; };
		909B7AD821F93B52005E88DC /* LaunchScreen.storyboard in Resources */ = {isa = PBXBuildFile; fileRef = 909B7AD621F93B52005E88DC /* LaunchScreen.storyboard */; };
		909B7AE321F93B52005E88DC /* DrawBounceGameTests.swift in Sources */ = {isa = PBXBuildFile; fileRef = 909B7AE221F93B52005E88DC /* DrawBounceGameTests.swift */; };
		909B7AEE21F93B52005E88DC /* DrawBounceGameUITests.swift in Sources */ = {isa = PBXBuildFile; fileRef = 909B7AED21F93B52005E88DC /* DrawBounceGameUITests.swift */; };
		90DFEFB322652C9D005F0210 /* functions.swift in Sources */ = {isa = PBXBuildFile; fileRef = 90DFEFB222652C9D005F0210 /* functions.swift */; };
		90DFEFB522652CAA005F0210 /* global.swift in Sources */ = {isa = PBXBuildFile; fileRef = 90DFEFB422652CAA005F0210 /* global.swift */; };
/* End PBXBuildFile section */

/* Begin PBXContainerItemProxy section */
		909B7ADF21F93B52005E88DC /* PBXContainerItemProxy */ = {
			isa = PBXContainerItemProxy;
			containerPortal = 909B7ABC21F93B50005E88DC /* Project object */;
			proxyType = 1;
			remoteGlobalIDString = 909B7AC321F93B50005E88DC;
			remoteInfo = DrawBounceGame;
		};
		909B7AEA21F93B52005E88DC /* PBXContainerItemProxy */ = {
			isa = PBXContainerItemProxy;
			containerPortal = 909B7ABC21F93B50005E88DC /* Project object */;
			proxyType = 1;
			remoteGlobalIDString = 909B7AC321F93B50005E88DC;
			remoteInfo = DrawBounceGame;
		};
/* End PBXContainerItemProxy section */

/* Begin PBXFileReference section */
		1C80C0123981860F4FA80248 /* Pods-DrawBounceGameUITests.debug.xcconfig */ = {isa = PBXFileReference; includeInIndex = 1; lastKnownFileType = text.xcconfig; name = "Pods-DrawBounceGameUITests.debug.xcconfig"; path = "Pods/Target Support Files/Pods-DrawBounceGameUITests/Pods-DrawBounceGameUITests.debug.xcconfig"; sourceTree = "<group>"; };
		597279AC395D0857BADCBC96 /* Pods-DrawBounceGameTests.debug.xcconfig */ = {isa = PBXFileReference; includeInIndex = 1; lastKnownFileType = text.xcconfig; name = "Pods-DrawBounceGameTests.debug.xcconfig"; path = "Pods/Target Support Files/Pods-DrawBounceGameTests/Pods-DrawBounceGameTests.debug.xcconfig"; sourceTree = "<group>"; };
		9018BEE022894F2D00BE4F92 /* GoogleAppMeasurement.framework */ = {isa = PBXFileReference; lastKnownFileType = wrapper.framework; path = GoogleAppMeasurement.framework; sourceTree = "<group>"; };
		9018BEE122894F2D00BE4F92 /* nanopb.framework */ = {isa = PBXFileReference; lastKnownFileType = wrapper.framework; path = nanopb.framework; sourceTree = "<group>"; };
		9018BEE222894F2E00BE4F92 /* GoogleUtilities.framework */ = {isa = PBXFileReference; lastKnownFileType = wrapper.framework; path = GoogleUtilities.framework; sourceTree = "<group>"; };
		9018BEE322894F2E00BE4F92 /* GoogleMobileAds.framework */ = {isa = PBXFileReference; lastKnownFileType = wrapper.framework; path = GoogleMobileAds.framework; sourceTree = "<group>"; };
		902B00A3228A4B6B0023ADF3 /* StoreKit.framework */ = {isa = PBXFileReference; lastKnownFileType = wrapper.framework; name = StoreKit.framework; path = System/Library/Frameworks/StoreKit.framework; sourceTree = SDKROOT; };
		902B00AB228A83F50023ADF3 /* IAPHandler.swift */ = {isa = PBXFileReference; lastKnownFileType = sourcecode.swift; path = IAPHandler.swift; sourceTree = "<group>"; };
		902B00AF228BE7800023ADF3 /* clickSound.mp3 */ = {isa = PBXFileReference; lastKnownFileType = audio.mp3; path = clickSound.mp3; sourceTree = "<group>"; };
		903C4687227AD5C800DD20BD /* MainMenu.swift */ = {isa = PBXFileReference; lastKnownFileType = sourcecode.swift; path = MainMenu.swift; sourceTree = "<group>"; };
		9057F7D922838349001D1EAB /* StoreScene.swift */ = {isa = PBXFileReference; lastKnownFileType = sourcecode.swift; path = StoreScene.swift; sourceTree = "<group>"; };
		9057F7E22284064A001D1EAB /* Assets.xcassets */ = {isa = PBXFileReference; lastKnownFileType = folder.assetcatalog; path = Assets.xcassets; sourceTree = "<group>"; };
		9057F7F122854657001D1EAB /* MainMusic1.wav */ = {isa = PBXFileReference; lastKnownFileType = audio.wav; path = MainMusic1.wav; sourceTree = "<group>"; };
		9057F7F222854657001D1EAB /* MainMusic2.wav */ = {isa = PBXFileReference; lastKnownFileType = audio.wav; path = MainMusic2.wav; sourceTree = "<group>"; };
		9057F7F322854657001D1EAB /* MainMusic4.wav */ = {isa = PBXFileReference; lastKnownFileType = audio.wav; path = MainMusic4.wav; sourceTree = "<group>"; };
		9057F7F422854658001D1EAB /* MainMusic3.wav */ = {isa = PBXFileReference; lastKnownFileType = audio.wav; path = MainMusic3.wav; sourceTree = "<group>"; };
		9057F7F9228614FF001D1EAB /* Boing.wav */ = {isa = PBXFileReference; lastKnownFileType = audio.wav; path = Boing.wav; sourceTree = "<group>"; };
		9057F7FB228627FF001D1EAB /* SettingsMenu.swift */ = {isa = PBXFileReference; lastKnownFileType = sourcecode.swift; path = SettingsMenu.swift; sourceTree = "<group>"; };
		9057F7FD2286A4C2001D1EAB /* TutorialScene.swift */ = {isa = PBXFileReference; lastKnownFileType = sourcecode.swift; path = TutorialScene.swift; sourceTree = "<group>"; };
		9098BA082290BCE400B57AA5 /* BoingSound.wav */ = {isa = PBXFileReference; lastKnownFileType = audio.wav; path = BoingSound.wav; sourceTree = "<group>"; };
		909B7AC421F93B50005E88DC /* DrawBounceGame.app */ = {isa = PBXFileReference; explicitFileType = wrapper.application; includeInIndex = 0; path = DrawBounceGame.app; sourceTree = BUILT_PRODUCTS_DIR; };
		909B7AC721F93B50005E88DC /* AppDelegate.swift */ = {isa = PBXFileReference; lastKnownFileType = sourcecode.swift; path = AppDelegate.swift; sourceTree = "<group>"; };
		909B7ACD21F93B50005E88DC /* GameScene.swift */ = {isa = PBXFileReference; lastKnownFileType = sourcecode.swift; path = GameScene.swift; sourceTree = "<group>"; };
		909B7ACF21F93B50005E88DC /* GameViewController.swift */ = {isa = PBXFileReference; lastKnownFileType = sourcecode.swift; path = GameViewController.swift; sourceTree = "<group>"; };
		909B7AD221F93B50005E88DC /* Base */ = {isa = PBXFileReference; lastKnownFileType = file.storyboard; name = Base; path = Base.lproj/Main.storyboard; sourceTree = "<group>"; };
		909B7AD721F93B52005E88DC /* Base */ = {isa = PBXFileReference; lastKnownFileType = file.storyboard; name = Base; path = Base.lproj/LaunchScreen.storyboard; sourceTree = "<group>"; };
		909B7AD921F93B52005E88DC /* Info.plist */ = {isa = PBXFileReference; lastKnownFileType = text.plist.xml; path = Info.plist; sourceTree = "<group>"; };
		909B7ADE21F93B52005E88DC /* DrawBounceGameTests.xctest */ = {isa = PBXFileReference; explicitFileType = wrapper.cfbundle; includeInIndex = 0; path = DrawBounceGameTests.xctest; sourceTree = BUILT_PRODUCTS_DIR; };
		909B7AE221F93B52005E88DC /* DrawBounceGameTests.swift */ = {isa = PBXFileReference; lastKnownFileType = sourcecode.swift; path = DrawBounceGameTests.swift; sourceTree = "<group>"; };
		909B7AE421F93B52005E88DC /* Info.plist */ = {isa = PBXFileReference; lastKnownFileType = text.plist.xml; path = Info.plist; sourceTree = "<group>"; };
		909B7AE921F93B52005E88DC /* DrawBounceGameUITests.xctest */ = {isa = PBXFileReference; explicitFileType = wrapper.cfbundle; includeInIndex = 0; path = DrawBounceGameUITests.xctest; sourceTree = BUILT_PRODUCTS_DIR; };
		909B7AED21F93B52005E88DC /* DrawBounceGameUITests.swift */ = {isa = PBXFileReference; lastKnownFileType = sourcecode.swift; path = DrawBounceGameUITests.swift; sourceTree = "<group>"; };
		909B7AEF21F93B52005E88DC /* Info.plist */ = {isa = PBXFileReference; lastKnownFileType = text.plist.xml; path = Info.plist; sourceTree = "<group>"; };
		90DFEFB222652C9D005F0210 /* functions.swift */ = {isa = PBXFileReference; lastKnownFileType = sourcecode.swift; path = functions.swift; sourceTree = "<group>"; };
		90DFEFB422652CAA005F0210 /* global.swift */ = {isa = PBXFileReference; lastKnownFileType = sourcecode.swift; path = global.swift; sourceTree = "<group>"; };
		B093E47C896764B963EA25AA /* Pods-DrawBounceGame.debug.xcconfig */ = {isa = PBXFileReference; includeInIndex = 1; lastKnownFileType = text.xcconfig; name = "Pods-DrawBounceGame.debug.xcconfig"; path = "Pods/Target Support Files/Pods-DrawBounceGame/Pods-DrawBounceGame.debug.xcconfig"; sourceTree = "<group>"; };
		BC66A563F2E50200C9123D1C /* Pods-DrawBounceGame.release.xcconfig */ = {isa = PBXFileReference; includeInIndex = 1; lastKnownFileType = text.xcconfig; name = "Pods-DrawBounceGame.release.xcconfig"; path = "Pods/Target Support Files/Pods-DrawBounceGame/Pods-DrawBounceGame.release.xcconfig"; sourceTree = "<group>"; };
		C4819D6E073CBE28736B6A83 /* Pods_DrawBounceGameTests.framework */ = {isa = PBXFileReference; explicitFileType = wrapper.framework; includeInIndex = 0; path = Pods_DrawBounceGameTests.framework; sourceTree = BUILT_PRODUCTS_DIR; };
		C7C04FA9C4B9E956A8B70B35 /* Pods-DrawBounceGameTests.release.xcconfig */ = {isa = PBXFileReference; includeInIndex = 1; lastKnownFileType = text.xcconfig; name = "Pods-DrawBounceGameTests.release.xcconfig"; path = "Pods/Target Support Files/Pods-DrawBounceGameTests/Pods-DrawBounceGameTests.release.xcconfig"; sourceTree = "<group>"; };
		DF8CD66893CC6B235850B5BE /* Pods_DrawBounceGameUITests.framework */ = {isa = PBXFileReference; explicitFileType = wrapper.framework; includeInIndex = 0; path = Pods_DrawBounceGameUITests.framework; sourceTree = BUILT_PRODUCTS_DIR; };
		E57554C15A56DF73BD07E0DD /* Pods_DrawBounceGame.framework */ = {isa = PBXFileReference; explicitFileType = wrapper.framework; includeInIndex = 0; path = Pods_DrawBounceGame.framework; sourceTree = BUILT_PRODUCTS_DIR; };
		F196422C764A9F6D21374B59 /* Pods-DrawBounceGameUITests.release.xcconfig */ = {isa = PBXFileReference; includeInIndex = 1; lastKnownFileType = text.xcconfig; name = "Pods-DrawBounceGameUITests.release.xcconfig"; path = "Pods/Target Support Files/Pods-DrawBounceGameUITests/Pods-DrawBounceGameUITests.release.xcconfig"; sourceTree = "<group>"; };
/* End PBXFileReference section */

/* Begin PBXFrameworksBuildPhase section */
		909B7AC121F93B50005E88DC /* Frameworks */ = {
			isa = PBXFrameworksBuildPhase;
			buildActionMask = 2147483647;
			files = (
				9018BEEA22894F2E00BE4F92 /* GoogleUtilities.framework in Frameworks */,
				9018BEE722894F2E00BE4F92 /* nanopb.framework in Frameworks */,
				9018BEED22894F2E00BE4F92 /* GoogleMobileAds.framework in Frameworks */,
				902B00A4228A4B6B0023ADF3 /* StoreKit.framework in Frameworks */,
				9018BEE422894F2E00BE4F92 /* GoogleAppMeasurement.framework in Frameworks */,
				4DF272DEA174137A5B0DB54D /* Pods_DrawBounceGame.framework in Frameworks */,
			);
			runOnlyForDeploymentPostprocessing = 0;
		};
		909B7ADB21F93B52005E88DC /* Frameworks */ = {
			isa = PBXFrameworksBuildPhase;
			buildActionMask = 2147483647;
			files = (
				9018BEEB22894F2E00BE4F92 /* GoogleUtilities.framework in Frameworks */,
				9018BEE822894F2E00BE4F92 /* nanopb.framework in Frameworks */,
				9018BEEE22894F2E00BE4F92 /* GoogleMobileAds.framework in Frameworks */,
				9018BEE522894F2E00BE4F92 /* GoogleAppMeasurement.framework in Frameworks */,
				3A6320F1F5CD852647839DD7 /* Pods_DrawBounceGameTests.framework in Frameworks */,
			);
			runOnlyForDeploymentPostprocessing = 0;
		};
		909B7AE621F93B52005E88DC /* Frameworks */ = {
			isa = PBXFrameworksBuildPhase;
			buildActionMask = 2147483647;
			files = (
				9018BEEC22894F2E00BE4F92 /* GoogleUtilities.framework in Frameworks */,
				9018BEE922894F2E00BE4F92 /* nanopb.framework in Frameworks */,
				9018BEEF22894F2E00BE4F92 /* GoogleMobileAds.framework in Frameworks */,
				9018BEE622894F2E00BE4F92 /* GoogleAppMeasurement.framework in Frameworks */,
				1C793E4FCE27BBD270530C12 /* Pods_DrawBounceGameUITests.framework in Frameworks */,
			);
			runOnlyForDeploymentPostprocessing = 0;
		};
/* End PBXFrameworksBuildPhase section */

/* Begin PBXGroup section */
		48DA65438D322AB86135ABB3 /* Frameworks */ = {
			isa = PBXGroup;
			children = (
				902B00A3228A4B6B0023ADF3 /* StoreKit.framework */,
				E57554C15A56DF73BD07E0DD /* Pods_DrawBounceGame.framework */,
				C4819D6E073CBE28736B6A83 /* Pods_DrawBounceGameTests.framework */,
				DF8CD66893CC6B235850B5BE /* Pods_DrawBounceGameUITests.framework */,
			);
			name = Frameworks;
			sourceTree = "<group>";
		};
		5FDBD8CBE0E9A9A4BADC8850 /* Pods */ = {
			isa = PBXGroup;
			children = (
				B093E47C896764B963EA25AA /* Pods-DrawBounceGame.debug.xcconfig */,
				BC66A563F2E50200C9123D1C /* Pods-DrawBounceGame.release.xcconfig */,
				597279AC395D0857BADCBC96 /* Pods-DrawBounceGameTests.debug.xcconfig */,
				C7C04FA9C4B9E956A8B70B35 /* Pods-DrawBounceGameTests.release.xcconfig */,
				1C80C0123981860F4FA80248 /* Pods-DrawBounceGameUITests.debug.xcconfig */,
				F196422C764A9F6D21374B59 /* Pods-DrawBounceGameUITests.release.xcconfig */,
			);
			name = Pods;
			sourceTree = "<group>";
		};
		909B7ABB21F93B50005E88DC = {
			isa = PBXGroup;
			children = (
				909B7AC621F93B50005E88DC /* DrawBounceGame */,
				909B7AEC21F93B52005E88DC /* DrawBounceGameUITests */,
				909B7AC521F93B50005E88DC /* Products */,
				5FDBD8CBE0E9A9A4BADC8850 /* Pods */,
				48DA65438D322AB86135ABB3 /* Frameworks */,
			);
			sourceTree = "<group>";
		};
		909B7AC521F93B50005E88DC /* Products */ = {
			isa = PBXGroup;
			children = (
				909B7AC421F93B50005E88DC /* DrawBounceGame.app */,
				909B7ADE21F93B52005E88DC /* DrawBounceGameTests.xctest */,
				909B7AE921F93B52005E88DC /* DrawBounceGameUITests.xctest */,
			);
			name = Products;
			sourceTree = "<group>";
		};
		909B7AC621F93B50005E88DC /* DrawBounceGame */ = {
			isa = PBXGroup;
			children = (
				909B7AC721F93B50005E88DC /* AppDelegate.swift */,
				903C4687227AD5C800DD20BD /* MainMenu.swift */,
				9057F7FB228627FF001D1EAB /* SettingsMenu.swift */,
				9057F7FD2286A4C2001D1EAB /* TutorialScene.swift */,
				9057F7D922838349001D1EAB /* StoreScene.swift */,
				909B7ACD21F93B50005E88DC /* GameScene.swift */,
				90DFEFB222652C9D005F0210 /* functions.swift */,
				90DFEFB422652CAA005F0210 /* global.swift */,
				909B7ACF21F93B50005E88DC /* GameViewController.swift */,
				909B7AD121F93B50005E88DC /* Main.storyboard */,
				909B7AE121F93B52005E88DC /* DrawBounceGameTests */,
				909B7AD621F93B52005E88DC /* LaunchScreen.storyboard */,
				909B7AD921F93B52005E88DC /* Info.plist */,
				9057F7F122854657001D1EAB /* MainMusic1.wav */,
				9057F7F222854657001D1EAB /* MainMusic2.wav */,
				9057F7F422854658001D1EAB /* MainMusic3.wav */,
				9057F7F322854657001D1EAB /* MainMusic4.wav */,
				9057F7F9228614FF001D1EAB /* Boing.wav */,
				9098BA082290BCE400B57AA5 /* BoingSound.wav */,
				902B00AF228BE7800023ADF3 /* clickSound.mp3 */,
				9057F7E22284064A001D1EAB /* Assets.xcassets */,
				9018BEE022894F2D00BE4F92 /* GoogleAppMeasurement.framework */,
				9018BEE322894F2E00BE4F92 /* GoogleMobileAds.framework */,
				9018BEE222894F2E00BE4F92 /* GoogleUtilities.framework */,
				9018BEE122894F2D00BE4F92 /* nanopb.framework */,
				902B00AB228A83F50023ADF3 /* IAPHandler.swift */,
			);
			path = DrawBounceGame;
			sourceTree = "<group>";
		};
		909B7AE121F93B52005E88DC /* DrawBounceGameTests */ = {
			isa = PBXGroup;
			children = (
				909B7AE221F93B52005E88DC /* DrawBounceGameTests.swift */,
				909B7AE421F93B52005E88DC /* Info.plist */,
			);
			path = DrawBounceGameTests;
			sourceTree = "<group>";
		};
		909B7AEC21F93B52005E88DC /* DrawBounceGameUITests */ = {
			isa = PBXGroup;
			children = (
				909B7AED21F93B52005E88DC /* DrawBounceGameUITests.swift */,
				909B7AEF21F93B52005E88DC /* Info.plist */,
			);
			path = DrawBounceGameUITests;
			sourceTree = "<group>";
		};
/* End PBXGroup section */

/* Begin PBXNativeTarget section */
		909B7AC321F93B50005E88DC /* DrawBounceGame */ = {
			isa = PBXNativeTarget;
			buildConfigurationList = 909B7AF221F93B52005E88DC /* Build configuration list for PBXNativeTarget "DrawBounceGame" */;
			buildPhases = (
				27580C5F24C70A4A1B15C188 /* [CP] Check Pods Manifest.lock */,
				909B7AC021F93B50005E88DC /* Sources */,
				909B7AC121F93B50005E88DC /* Frameworks */,
				909B7AC221F93B50005E88DC /* Resources */,
				575EC12E6D625A2BA6BCA030 /* [CP] Embed Pods Frameworks */,
			);
			buildRules = (
			);
			dependencies = (
			);
			name = DrawBounceGame;
			productName = DrawBounceGame;
			productReference = 909B7AC421F93B50005E88DC /* DrawBounceGame.app */;
			productType = "com.apple.product-type.application";
		};
		909B7ADD21F93B52005E88DC /* DrawBounceGameTests */ = {
			isa = PBXNativeTarget;
			buildConfigurationList = 909B7AF521F93B52005E88DC /* Build configuration list for PBXNativeTarget "DrawBounceGameTests" */;
			buildPhases = (
				67E9A109B1B6E88B54256661 /* [CP] Check Pods Manifest.lock */,
				909B7ADA21F93B52005E88DC /* Sources */,
				909B7ADB21F93B52005E88DC /* Frameworks */,
				909B7ADC21F93B52005E88DC /* Resources */,
				752421ABF80DB650528EF7E2 /* [CP] Embed Pods Frameworks */,
			);
			buildRules = (
			);
			dependencies = (
				909B7AE021F93B52005E88DC /* PBXTargetDependency */,
			);
			name = DrawBounceGameTests;
			productName = DrawBounceGameTests;
			productReference = 909B7ADE21F93B52005E88DC /* DrawBounceGameTests.xctest */;
			productType = "com.apple.product-type.bundle.unit-test";
		};
		909B7AE821F93B52005E88DC /* DrawBounceGameUITests */ = {
			isa = PBXNativeTarget;
			buildConfigurationList = 909B7AF821F93B52005E88DC /* Build configuration list for PBXNativeTarget "DrawBounceGameUITests" */;
			buildPhases = (
				EA99ED01B95095CE32B1C1CC /* [CP] Check Pods Manifest.lock */,
				909B7AE521F93B52005E88DC /* Sources */,
				909B7AE621F93B52005E88DC /* Frameworks */,
				909B7AE721F93B52005E88DC /* Resources */,
				DBEBB2D9548B18D4D404C16B /* [CP] Embed Pods Frameworks */,
			);
			buildRules = (
			);
			dependencies = (
				909B7AEB21F93B52005E88DC /* PBXTargetDependency */,
			);
			name = DrawBounceGameUITests;
			productName = DrawBounceGameUITests;
			productReference = 909B7AE921F93B52005E88DC /* DrawBounceGameUITests.xctest */;
			productType = "com.apple.product-type.bundle.ui-testing";
		};
/* End PBXNativeTarget section */

/* Begin PBXProject section */
		909B7ABC21F93B50005E88DC /* Project object */ = {
			isa = PBXProject;
			attributes = {
				LastSwiftUpdateCheck = 0940;
				LastUpgradeCheck = 0940;
				ORGANIZATIONNAME = "Henry Pigg";
				TargetAttributes = {
					909B7AC321F93B50005E88DC = {
						CreatedOnToolsVersion = 9.4.1;
						SystemCapabilities = {
							com.apple.InAppPurchase = {
								enabled = 1;
							};
						};
					};
					909B7ADD21F93B52005E88DC = {
						CreatedOnToolsVersion = 9.4.1;
						TestTargetID = 909B7AC321F93B50005E88DC;
					};
					909B7AE821F93B52005E88DC = {
						CreatedOnToolsVersion = 9.4.1;
						TestTargetID = 909B7AC321F93B50005E88DC;
					};
				};
			};
			buildConfigurationList = 909B7ABF21F93B50005E88DC /* Build configuration list for PBXProject "DrawBounceGame" */;
			compatibilityVersion = "Xcode 9.3";
			developmentRegion = en;
			hasScannedForEncodings = 0;
			knownRegions = (
				en,
				Base,
			);
			mainGroup = 909B7ABB21F93B50005E88DC;
			productRefGroup = 909B7AC521F93B50005E88DC /* Products */;
			projectDirPath = "";
			projectRoot = "";
			targets = (
				909B7AC321F93B50005E88DC /* DrawBounceGame */,
				909B7ADD21F93B52005E88DC /* DrawBounceGameTests */,
				909B7AE821F93B52005E88DC /* DrawBounceGameUITests */,
			);
		};
/* End PBXProject section */

/* Begin PBXResourcesBuildPhase section */
		909B7AC221F93B50005E88DC /* Resources */ = {
			isa = PBXResourcesBuildPhase;
			buildActionMask = 2147483647;
			files = (
				9057F7F722854658001D1EAB /* MainMusic4.wav in Resources */,
				902B00B0228BE7800023ADF3 /* clickSound.mp3 in Resources */,
				9057F7F522854658001D1EAB /* MainMusic1.wav in Resources */,
				909B7AD321F93B50005E88DC /* Main.storyboard in Resources */,
				9098BA092290BCE500B57AA5 /* BoingSound.wav in Resources */,
				9057F7E42284064A001D1EAB /* Assets.xcassets in Resources */,
				9057F7FA22861500001D1EAB /* Boing.wav in Resources */,
				9057F7F822854658001D1EAB /* MainMusic3.wav in Resources */,
				909B7AD821F93B52005E88DC /* LaunchScreen.storyboard in Resources */,
				9057F7F622854658001D1EAB /* MainMusic2.wav in Resources */,
			);
			runOnlyForDeploymentPostprocessing = 0;
		};
		909B7ADC21F93B52005E88DC /* Resources */ = {
			isa = PBXResourcesBuildPhase;
			buildActionMask = 2147483647;
			files = (
			);
			runOnlyForDeploymentPostprocessing = 0;
		};
		909B7AE721F93B52005E88DC /* Resources */ = {
			isa = PBXResourcesBuildPhase;
			buildActionMask = 2147483647;
			files = (
			);
			runOnlyForDeploymentPostprocessing = 0;
		};
/* End PBXResourcesBuildPhase section */

/* Begin PBXShellScriptBuildPhase section */
		27580C5F24C70A4A1B15C188 /* [CP] Check Pods Manifest.lock */ = {
			isa = PBXShellScriptBuildPhase;
			buildActionMask = 2147483647;
			files = (
			);
			inputFileListPaths = (
			);
			inputPaths = (
				"${PODS_PODFILE_DIR_PATH}/Podfile.lock",
				"${PODS_ROOT}/Manifest.lock",
			);
			name = "[CP] Check Pods Manifest.lock";
			outputFileListPaths = (
			);
			outputPaths = (
				"$(DERIVED_FILE_DIR)/Pods-DrawBounceGame-checkManifestLockResult.txt",
			);
			runOnlyForDeploymentPostprocessing = 0;
			shellPath = /bin/sh;
			shellScript = "diff \"${PODS_PODFILE_DIR_PATH}/Podfile.lock\" \"${PODS_ROOT}/Manifest.lock\" > /dev/null\nif [ $? != 0 ] ; then\n    # print error to STDERR\n    echo \"error: The sandbox is not in sync with the Podfile.lock. Run 'pod install' or update your CocoaPods installation.\" >&2\n    exit 1\nfi\n# This output is used by Xcode 'outputs' to avoid re-running this script phase.\necho \"SUCCESS\" > \"${SCRIPT_OUTPUT_FILE_0}\"\n";
			showEnvVarsInLog = 0;
		};
		575EC12E6D625A2BA6BCA030 /* [CP] Embed Pods Frameworks */ = {
			isa = PBXShellScriptBuildPhase;
			buildActionMask = 2147483647;
			files = (
			);
			inputFileListPaths = (
			);
			inputPaths = (
				"${SRCROOT}/Pods/Target Support Files/Pods-DrawBounceGame/Pods-DrawBounceGame-frameworks.sh",
				"${BUILT_PRODUCTS_DIR}/GoogleUtilities/GoogleUtilities.framework",
				"${BUILT_PRODUCTS_DIR}/nanopb/nanopb.framework",
			);
			name = "[CP] Embed Pods Frameworks";
			outputFileListPaths = (
			);
			outputPaths = (
				"${TARGET_BUILD_DIR}/${FRAMEWORKS_FOLDER_PATH}/GoogleUtilities.framework",
				"${TARGET_BUILD_DIR}/${FRAMEWORKS_FOLDER_PATH}/nanopb.framework",
			);
			runOnlyForDeploymentPostprocessing = 0;
			shellPath = /bin/sh;
			shellScript = "\"${SRCROOT}/Pods/Target Support Files/Pods-DrawBounceGame/Pods-DrawBounceGame-frameworks.sh\"\n";
			showEnvVarsInLog = 0;
		};
		67E9A109B1B6E88B54256661 /* [CP] Check Pods Manifest.lock */ = {
			isa = PBXShellScriptBuildPhase;
			buildActionMask = 2147483647;
			files = (
			);
			inputFileListPaths = (
			);
			inputPaths = (
				"${PODS_PODFILE_DIR_PATH}/Podfile.lock",
				"${PODS_ROOT}/Manifest.lock",
			);
			name = "[CP] Check Pods Manifest.lock";
			outputFileListPaths = (
			);
			outputPaths = (
				"$(DERIVED_FILE_DIR)/Pods-DrawBounceGameTests-checkManifestLockResult.txt",
			);
			runOnlyForDeploymentPostprocessing = 0;
			shellPath = /bin/sh;
			shellScript = "diff \"${PODS_PODFILE_DIR_PATH}/Podfile.lock\" \"${PODS_ROOT}/Manifest.lock\" > /dev/null\nif [ $? != 0 ] ; then\n    # print error to STDERR\n    echo \"error: The sandbox is not in sync with the Podfile.lock. Run 'pod install' or update your CocoaPods installation.\" >&2\n    exit 1\nfi\n# This output is used by Xcode 'outputs' to avoid re-running this script phase.\necho \"SUCCESS\" > \"${SCRIPT_OUTPUT_FILE_0}\"\n";
			showEnvVarsInLog = 0;
		};
		752421ABF80DB650528EF7E2 /* [CP] Embed Pods Frameworks */ = {
			isa = PBXShellScriptBuildPhase;
			buildActionMask = 2147483647;
			files = (
			);
			inputFileListPaths = (
			);
			inputPaths = (
				"${SRCROOT}/Pods/Target Support Files/Pods-DrawBounceGameTests/Pods-DrawBounceGameTests-frameworks.sh",
				"${BUILT_PRODUCTS_DIR}/GoogleUtilities/GoogleUtilities.framework",
				"${BUILT_PRODUCTS_DIR}/nanopb/nanopb.framework",
			);
			name = "[CP] Embed Pods Frameworks";
			outputFileListPaths = (
			);
			outputPaths = (
				"${TARGET_BUILD_DIR}/${FRAMEWORKS_FOLDER_PATH}/GoogleUtilities.framework",
				"${TARGET_BUILD_DIR}/${FRAMEWORKS_FOLDER_PATH}/nanopb.framework",
			);
			runOnlyForDeploymentPostprocessing = 0;
			shellPath = /bin/sh;
			shellScript = "\"${SRCROOT}/Pods/Target Support Files/Pods-DrawBounceGameTests/Pods-DrawBounceGameTests-frameworks.sh\"\n";
			showEnvVarsInLog = 0;
		};
		DBEBB2D9548B18D4D404C16B /* [CP] Embed Pods Frameworks */ = {
			isa = PBXShellScriptBuildPhase;
			buildActionMask = 2147483647;
			files = (
			);
			inputFileListPaths = (
			);
			inputPaths = (
				"${SRCROOT}/Pods/Target Support Files/Pods-DrawBounceGameUITests/Pods-DrawBounceGameUITests-frameworks.sh",
				"${BUILT_PRODUCTS_DIR}/GoogleUtilities/GoogleUtilities.framework",
				"${BUILT_PRODUCTS_DIR}/nanopb/nanopb.framework",
			);
			name = "[CP] Embed Pods Frameworks";
			outputFileListPaths = (
			);
			outputPaths = (
				"${TARGET_BUILD_DIR}/${FRAMEWORKS_FOLDER_PATH}/GoogleUtilities.framework",
				"${TARGET_BUILD_DIR}/${FRAMEWORKS_FOLDER_PATH}/nanopb.framework",
			);
			runOnlyForDeploymentPostprocessing = 0;
			shellPath = /bin/sh;
			shellScript = "\"${SRCROOT}/Pods/Target Support Files/Pods-DrawBounceGameUITests/Pods-DrawBounceGameUITests-frameworks.sh\"\n";
			showEnvVarsInLog = 0;
		};
		EA99ED01B95095CE32B1C1CC /* [CP] Check Pods Manifest.lock */ = {
			isa = PBXShellScriptBuildPhase;
			buildActionMask = 2147483647;
			files = (
			);
			inputFileListPaths = (
			);
			inputPaths = (
				"${PODS_PODFILE_DIR_PATH}/Podfile.lock",
				"${PODS_ROOT}/Manifest.lock",
			);
			name = "[CP] Check Pods Manifest.lock";
			outputFileListPaths = (
			);
			outputPaths = (
				"$(DERIVED_FILE_DIR)/Pods-DrawBounceGameUITests-checkManifestLockResult.txt",
			);
			runOnlyForDeploymentPostprocessing = 0;
			shellPath = /bin/sh;
			shellScript = "diff \"${PODS_PODFILE_DIR_PATH}/Podfile.lock\" \"${PODS_ROOT}/Manifest.lock\" > /dev/null\nif [ $? != 0 ] ; then\n    # print error to STDERR\n    echo \"error: The sandbox is not in sync with the Podfile.lock. Run 'pod install' or update your CocoaPods installation.\" >&2\n    exit 1\nfi\n# This output is used by Xcode 'outputs' to avoid re-running this script phase.\necho \"SUCCESS\" > \"${SCRIPT_OUTPUT_FILE_0}\"\n";
			showEnvVarsInLog = 0;
		};
/* End PBXShellScriptBuildPhase section */

/* Begin PBXSourcesBuildPhase section */
		909B7AC021F93B50005E88DC /* Sources */ = {
			isa = PBXSourcesBuildPhase;
			buildActionMask = 2147483647;
			files = (
				909B7ACE21F93B50005E88DC /* GameScene.swift in Sources */,
				9057F7FE2286A4C2001D1EAB /* TutorialScene.swift in Sources */,
				902B00AC228A83F50023ADF3 /* IAPHandler.swift in Sources */,
				903C4688227AD5C800DD20BD /* MainMenu.swift in Sources */,
				9057F7DA22838349001D1EAB /* StoreScene.swift in Sources */,
				9057F7FC228627FF001D1EAB /* SettingsMenu.swift in Sources */,
				909B7AD021F93B50005E88DC /* GameViewController.swift in Sources */,
				909B7AC821F93B50005E88DC /* AppDelegate.swift in Sources */,
				90DFEFB322652C9D005F0210 /* functions.swift in Sources */,
				90DFEFB522652CAA005F0210 /* global.swift in Sources */,
			);
			runOnlyForDeploymentPostprocessing = 0;
		};
		909B7ADA21F93B52005E88DC /* Sources */ = {
			isa = PBXSourcesBuildPhase;
			buildActionMask = 2147483647;
			files = (
				909B7AE321F93B52005E88DC /* DrawBounceGameTests.swift in Sources */,
			);
			runOnlyForDeploymentPostprocessing = 0;
		};
		909B7AE521F93B52005E88DC /* Sources */ = {
			isa = PBXSourcesBuildPhase;
			buildActionMask = 2147483647;
			files = (
				909B7AEE21F93B52005E88DC /* DrawBounceGameUITests.swift in Sources */,
			);
			runOnlyForDeploymentPostprocessing = 0;
		};
/* End PBXSourcesBuildPhase section */

/* Begin PBXTargetDependency section */
		909B7AE021F93B52005E88DC /* PBXTargetDependency */ = {
			isa = PBXTargetDependency;
			target = 909B7AC321F93B50005E88DC /* DrawBounceGame */;
			targetProxy = 909B7ADF21F93B52005E88DC /* PBXContainerItemProxy */;
		};
		909B7AEB21F93B52005E88DC /* PBXTargetDependency */ = {
			isa = PBXTargetDependency;
			target = 909B7AC321F93B50005E88DC /* DrawBounceGame */;
			targetProxy = 909B7AEA21F93B52005E88DC /* PBXContainerItemProxy */;
		};
/* End PBXTargetDependency section */

/* Begin PBXVariantGroup section */
		909B7AD121F93B50005E88DC /* Main.storyboard */ = {
			isa = PBXVariantGroup;
			children = (
				909B7AD221F93B50005E88DC /* Base */,
			);
			name = Main.storyboard;
			sourceTree = "<group>";
		};
		909B7AD621F93B52005E88DC /* LaunchScreen.storyboard */ = {
			isa = PBXVariantGroup;
			children = (
				909B7AD721F93B52005E88DC /* Base */,
			);
			name = LaunchScreen.storyboard;
			sourceTree = "<group>";
		};
/* End PBXVariantGroup section */

/* Begin XCBuildConfiguration section */
		909B7AF021F93B52005E88DC /* Debug */ = {
			isa = XCBuildConfiguration;
			buildSettings = {
				ALWAYS_SEARCH_USER_PATHS = NO;
				CLANG_ANALYZER_NONNULL = YES;
				CLANG_ANALYZER_NUMBER_OBJECT_CONVERSION = YES_AGGRESSIVE;
				CLANG_CXX_LANGUAGE_STANDARD = "gnu++14";
				CLANG_CXX_LIBRARY = "libc++";
				CLANG_ENABLE_MODULES = YES;
				CLANG_ENABLE_OBJC_ARC = YES;
				CLANG_ENABLE_OBJC_WEAK = YES;
				CLANG_WARN_BLOCK_CAPTURE_AUTORELEASING = YES;
				CLANG_WARN_BOOL_CONVERSION = YES;
				CLANG_WARN_COMMA = YES;
				CLANG_WARN_CONSTANT_CONVERSION = YES;
				CLANG_WARN_DEPRECATED_OBJC_IMPLEMENTATIONS = YES;
				CLANG_WARN_DIRECT_OBJC_ISA_USAGE = YES_ERROR;
				CLANG_WARN_DOCUMENTATION_COMMENTS = YES;
				CLANG_WARN_EMPTY_BODY = YES;
				CLANG_WARN_ENUM_CONVERSION = YES;
				CLANG_WARN_INFINITE_RECURSION = YES;
				CLANG_WARN_INT_CONVERSION = YES;
				CLANG_WARN_NON_LITERAL_NULL_CONVERSION = YES;
				CLANG_WARN_OBJC_IMPLICIT_RETAIN_SELF = YES;
				CLANG_WARN_OBJC_LITERAL_CONVERSION = YES;
				CLANG_WARN_OBJC_ROOT_CLASS = YES_ERROR;
				CLANG_WARN_RANGE_LOOP_ANALYSIS = YES;
				CLANG_WARN_STRICT_PROTOTYPES = YES;
				CLANG_WARN_SUSPICIOUS_MOVE = YES;
				CLANG_WARN_UNGUARDED_AVAILABILITY = YES_AGGRESSIVE;
				CLANG_WARN_UNREACHABLE_CODE = YES;
				CLANG_WARN__DUPLICATE_METHOD_MATCH = YES;
				CODE_SIGN_IDENTITY = "iPhone Developer";
				COPY_PHASE_STRIP = NO;
				DEBUG_INFORMATION_FORMAT = dwarf;
				ENABLE_STRICT_OBJC_MSGSEND = YES;
				ENABLE_TESTABILITY = YES;
				GCC_C_LANGUAGE_STANDARD = gnu11;
				GCC_DYNAMIC_NO_PIC = NO;
				GCC_NO_COMMON_BLOCKS = YES;
				GCC_OPTIMIZATION_LEVEL = 0;
				GCC_PREPROCESSOR_DEFINITIONS = (
					"DEBUG=1",
					"$(inherited)",
				);
				GCC_WARN_64_TO_32_BIT_CONVERSION = YES;
				GCC_WARN_ABOUT_RETURN_TYPE = YES_ERROR;
				GCC_WARN_UNDECLARED_SELECTOR = YES;
				GCC_WARN_UNINITIALIZED_AUTOS = YES_AGGRESSIVE;
				GCC_WARN_UNUSED_FUNCTION = YES;
				GCC_WARN_UNUSED_VARIABLE = YES;
				IPHONEOS_DEPLOYMENT_TARGET = 11.4;
				MTL_ENABLE_DEBUG_INFO = YES;
				ONLY_ACTIVE_ARCH = YES;
				SDKROOT = iphoneos;
				SWIFT_ACTIVE_COMPILATION_CONDITIONS = DEBUG;
				SWIFT_OPTIMIZATION_LEVEL = "-Onone";
			};
			name = Debug;
		};
		909B7AF121F93B52005E88DC /* Release */ = {
			isa = XCBuildConfiguration;
			buildSettings = {
				ALWAYS_SEARCH_USER_PATHS = NO;
				CLANG_ANALYZER_NONNULL = YES;
				CLANG_ANALYZER_NUMBER_OBJECT_CONVERSION = YES_AGGRESSIVE;
				CLANG_CXX_LANGUAGE_STANDARD = "gnu++14";
				CLANG_CXX_LIBRARY = "libc++";
				CLANG_ENABLE_MODULES = YES;
				CLANG_ENABLE_OBJC_ARC = YES;
				CLANG_ENABLE_OBJC_WEAK = YES;
				CLANG_WARN_BLOCK_CAPTURE_AUTORELEASING = YES;
				CLANG_WARN_BOOL_CONVERSION = YES;
				CLANG_WARN_COMMA = YES;
				CLANG_WARN_CONSTANT_CONVERSION = YES;
				CLANG_WARN_DEPRECATED_OBJC_IMPLEMENTATIONS = YES;
				CLANG_WARN_DIRECT_OBJC_ISA_USAGE = YES_ERROR;
				CLANG_WARN_DOCUMENTATION_COMMENTS = YES;
				CLANG_WARN_EMPTY_BODY = YES;
				CLANG_WARN_ENUM_CONVERSION = YES;
				CLANG_WARN_INFINITE_RECURSION = YES;
				CLANG_WARN_INT_CONVERSION = YES;
				CLANG_WARN_NON_LITERAL_NULL_CONVERSION = YES;
				CLANG_WARN_OBJC_IMPLICIT_RETAIN_SELF = YES;
				CLANG_WARN_OBJC_LITERAL_CONVERSION = YES;
				CLANG_WARN_OBJC_ROOT_CLASS = YES_ERROR;
				CLANG_WARN_RANGE_LOOP_ANALYSIS = YES;
				CLANG_WARN_STRICT_PROTOTYPES = YES;
				CLANG_WARN_SUSPICIOUS_MOVE = YES;
				CLANG_WARN_UNGUARDED_AVAILABILITY = YES_AGGRESSIVE;
				CLANG_WARN_UNREACHABLE_CODE = YES;
				CLANG_WARN__DUPLICATE_METHOD_MATCH = YES;
				CODE_SIGN_IDENTITY = "iPhone Developer";
				COPY_PHASE_STRIP = NO;
				DEBUG_INFORMATION_FORMAT = "dwarf-with-dsym";
				ENABLE_NS_ASSERTIONS = NO;
				ENABLE_STRICT_OBJC_MSGSEND = YES;
				GCC_C_LANGUAGE_STANDARD = gnu11;
				GCC_NO_COMMON_BLOCKS = YES;
				GCC_WARN_64_TO_32_BIT_CONVERSION = YES;
				GCC_WARN_ABOUT_RETURN_TYPE = YES_ERROR;
				GCC_WARN_UNDECLARED_SELECTOR = YES;
				GCC_WARN_UNINITIALIZED_AUTOS = YES_AGGRESSIVE;
				GCC_WARN_UNUSED_FUNCTION = YES;
				GCC_WARN_UNUSED_VARIABLE = YES;
				IPHONEOS_DEPLOYMENT_TARGET = 11.4;
				MTL_ENABLE_DEBUG_INFO = NO;
				SDKROOT = iphoneos;
				SWIFT_COMPILATION_MODE = wholemodule;
				SWIFT_OPTIMIZATION_LEVEL = "-O";
				VALIDATE_PRODUCT = YES;
			};
			name = Release;
		};
		909B7AF321F93B52005E88DC /* Debug */ = {
			isa = XCBuildConfiguration;
			baseConfigurationReference = B093E47C896764B963EA25AA /* Pods-DrawBounceGame.debug.xcconfig */;
			buildSettings = {
				ASSETCATALOG_COMPILER_APPICON_NAME = AppIcon;
				CODE_SIGN_STYLE = Automatic;
				DEVELOPMENT_TEAM = F369KVDJ98;
				FRAMEWORK_SEARCH_PATHS = (
					"$(inherited)",
					"$(PROJECT_DIR)/DrawBounceGame",
				);
				INFOPLIST_FILE = DrawBounceGame/Info.plist;
				IPHONEOS_DEPLOYMENT_TARGET = 11.0;
				LD_RUNPATH_SEARCH_PATHS = (
					"$(inherited)",
					"@executable_path/Frameworks",
				);
				PRODUCT_BUNDLE_IDENTIFIER = com.henrypigg.boingaApp;
				PRODUCT_NAME = "$(TARGET_NAME)";
				SWIFT_VERSION = 4.0;
				TARGETED_DEVICE_FAMILY = 1;
			};
			name = Debug;
		};
		909B7AF421F93B52005E88DC /* Release */ = {
			isa = XCBuildConfiguration;
			baseConfigurationReference = BC66A563F2E50200C9123D1C /* Pods-DrawBounceGame.release.xcconfig */;
			buildSettings = {
				ASSETCATALOG_COMPILER_APPICON_NAME = AppIcon;
				CODE_SIGN_STYLE = Automatic;
				DEVELOPMENT_TEAM = F369KVDJ98;
				FRAMEWORK_SEARCH_PATHS = (
					"$(inherited)",
					"$(PROJECT_DIR)/DrawBounceGame",
				);
				INFOPLIST_FILE = DrawBounceGame/Info.plist;
				IPHONEOS_DEPLOYMENT_TARGET = 11.0;
				LD_RUNPATH_SEARCH_PATHS = (
					"$(inherited)",
					"@executable_path/Frameworks",
				);
				PRODUCT_BUNDLE_IDENTIFIER = com.henrypigg.boingaApp;
				PRODUCT_NAME = "$(TARGET_NAME)";
				SWIFT_VERSION = 4.0;
				TARGETED_DEVICE_FAMILY = 1;
			};
			name = Release;
		};
		909B7AF621F93B52005E88DC /* Debug */ = {
			isa = XCBuildConfiguration;
			baseConfigurationReference = 597279AC395D0857BADCBC96 /* Pods-DrawBounceGameTests.debug.xcconfig */;
			buildSettings = {
				ALWAYS_EMBED_SWIFT_STANDARD_LIBRARIES = YES;
				BUNDLE_LOADER = "$(TEST_HOST)";
				CODE_SIGN_STYLE = Automatic;
				DEVELOPMENT_TEAM = F369KVDJ98;
				FRAMEWORK_SEARCH_PATHS = (
					"$(inherited)",
					"$(PROJECT_DIR)/DrawBounceGame",
				);
				INFOPLIST_FILE = DrawBounceGameTests/Info.plist;
				LD_RUNPATH_SEARCH_PATHS = (
					"$(inherited)",
					"@executable_path/Frameworks",
					"@loader_path/Frameworks",
				);
				PRODUCT_BUNDLE_IDENTIFIER = com.henrypigg.DrawBounceGameTests;
				PRODUCT_NAME = "$(TARGET_NAME)";
				SWIFT_VERSION = 4.0;
				TARGETED_DEVICE_FAMILY = "1,2";
				TEST_HOST = "$(BUILT_PRODUCTS_DIR)/DrawBounceGame.app/DrawBounceGame";
			};
			name = Debug;
		};
		909B7AF721F93B52005E88DC /* Release */ = {
			isa = XCBuildConfiguration;
			baseConfigurationReference = C7C04FA9C4B9E956A8B70B35 /* Pods-DrawBounceGameTests.release.xcconfig */;
			buildSettings = {
				ALWAYS_EMBED_SWIFT_STANDARD_LIBRARIES = YES;
				BUNDLE_LOADER = "$(TEST_HOST)";
				CODE_SIGN_STYLE = Automatic;
				DEVELOPMENT_TEAM = F369KVDJ98;
				FRAMEWORK_SEARCH_PATHS = (
					"$(inherited)",
					"$(PROJECT_DIR)/DrawBounceGame",
				);
				INFOPLIST_FILE = DrawBounceGameTests/Info.plist;
				LD_RUNPATH_SEARCH_PATHS = (
					"$(inherited)",
					"@executable_path/Frameworks",
					"@loader_path/Frameworks",
				);
				PRODUCT_BUNDLE_IDENTIFIER = com.henrypigg.DrawBounceGameTests;
				PRODUCT_NAME = "$(TARGET_NAME)";
				SWIFT_VERSION = 4.0;
				TARGETED_DEVICE_FAMILY = "1,2";
				TEST_HOST = "$(BUILT_PRODUCTS_DIR)/DrawBounceGame.app/DrawBounceGame";
			};
			name = Release;
		};
		909B7AF921F93B52005E88DC /* Debug */ = {
			isa = XCBuildConfiguration;
			baseConfigurationReference = 1C80C0123981860F4FA80248 /* Pods-DrawBounceGameUITests.debug.xcconfig */;
			buildSettings = {
				ALWAYS_EMBED_SWIFT_STANDARD_LIBRARIES = YES;
				CODE_SIGN_STYLE = Automatic;
				DEVELOPMENT_TEAM = F369KVDJ98;
				FRAMEWORK_SEARCH_PATHS = (
					"$(inherited)",
					"$(PROJECT_DIR)/DrawBounceGame",
				);
				INFOPLIST_FILE = DrawBounceGameUITests/Info.plist;
				LD_RUNPATH_SEARCH_PATHS = (
					"$(inherited)",
					"@executable_path/Frameworks",
					"@loader_path/Frameworks",
				);
				PRODUCT_BUNDLE_IDENTIFIER = com.henrypigg.DrawBounceGameUITests;
				PRODUCT_NAME = "$(TARGET_NAME)";
				SWIFT_VERSION = 4.0;
				TARGETED_DEVICE_FAMILY = "1,2";
				TEST_TARGET_NAME = DrawBounceGame;
			};
			name = Debug;
		};
		909B7AFA21F93B52005E88DC /* Release */ = {
			isa = XCBuildConfiguration;
			baseConfigurationReference = F196422C764A9F6D21374B59 /* Pods-DrawBounceGameUITests.release.xcconfig */;
			buildSettings = {
				ALWAYS_EMBED_SWIFT_STANDARD_LIBRARIES = YES;
				CODE_SIGN_STYLE = Automatic;
				DEVELOPMENT_TEAM = F369KVDJ98;
				FRAMEWORK_SEARCH_PATHS = (
					"$(inherited)",
					"$(PROJECT_DIR)/DrawBounceGame",
				);
				INFOPLIST_FILE = DrawBounceGameUITests/Info.plist;
				LD_RUNPATH_SEARCH_PATHS = (
					"$(inherited)",
					"@executable_path/Frameworks",
					"@loader_path/Frameworks",
				);
				PRODUCT_BUNDLE_IDENTIFIER = com.henrypigg.DrawBounceGameUITests;
				PRODUCT_NAME = "$(TARGET_NAME)";
				SWIFT_VERSION = 4.0;
				TARGETED_DEVICE_FAMILY = "1,2";
				TEST_TARGET_NAME = DrawBounceGame;
			};
			name = Release;
		};
/* End XCBuildConfiguration section */

/* Begin XCConfigurationList section */
		909B7ABF21F93B50005E88DC /* Build configuration list for PBXProject "DrawBounceGame" */ = {
			isa = XCConfigurationList;
			buildConfigurations = (
				909B7AF021F93B52005E88DC /* Debug */,
				909B7AF121F93B52005E88DC /* Release */,
			);
			defaultConfigurationIsVisible = 0;
			defaultConfigurationName = Release;
		};
		909B7AF221F93B52005E88DC /* Build configuration list for PBXNativeTarget "DrawBounceGame" */ = {
			isa = XCConfigurationList;
			buildConfigurations = (
				909B7AF321F93B52005E88DC /* Debug */,
				909B7AF421F93B52005E88DC /* Release */,
			);
			defaultConfigurationIsVisible = 0;
			defaultConfigurationName = Release;
		};
		909B7AF521F93B52005E88DC /* Build configuration list for PBXNativeTarget "DrawBounceGameTests" */ = {
			isa = XCConfigurationList;
			buildConfigurations = (
				909B7AF621F93B52005E88DC /* Debug */,
				909B7AF721F93B52005E88DC /* Release */,
			);
			defaultConfigurationIsVisible = 0;
			defaultConfigurationName = Release;
		};
		909B7AF821F93B52005E88DC /* Build configuration list for PBXNativeTarget "DrawBounceGameUITests" */ = {
			isa = XCConfigurationList;
			buildConfigurations = (
				909B7AF921F93B52005E88DC /* Debug */,
				909B7AFA21F93B52005E88DC /* Release */,
			);
			defaultConfigurationIsVisible = 0;
			defaultConfigurationName = Release;
		};
/* End XCConfigurationList section */
	};
	rootObject = 909B7ABC21F93B50005E88DC /* Project object */;
}
